
Microsoft Visual Studio Solution File, Format Version 12.00
# Visual Studio Version 17
VisualStudioVersion = 17.1.31911.260
MinimumVisualStudioVersion = 10.0.40219.1
Project("{FAE04EC0-301F-11D3-BF4B-00C04F79EFBC}") = "RMA-API", "RMA-API.csproj", "{97D0C1DC-AFE5-4340-815E-7D08F7BB7A9A}"
EndProject
Global
	GlobalSection(SolutionConfigurationPlatforms) = preSolution
		Debug|Any CPU = Debug|Any CPU
		Release|Any CPU = Release|Any CPU
	EndGlobalSection
	GlobalSection(ProjectConfigurationPlatforms) = postSolution
		{97D0C1DC-AFE5-4340-815E-7D08F7BB7A9A}.Debug|Any CPU.ActiveCfg = Debug|Any CPU
		{97D0C1DC-AFE5-4340-815E-7D08F7BB7A9A}.Debug|Any CPU.Build.0 = Debug|Any CPU
		{97D0C1DC-AFE5-4340-815E-7D08F7BB7A9A}.Release|Any CPU.ActiveCfg = Release|Any CPU
		{97D0C1DC-AFE5-4340-815E-7D08F7BB7A9A}.Release|Any CPU.Build.0 = Release|Any CPU
	EndGlobalSection
	GlobalSection(SolutionProperties) = preSolution
		HideSolutionNode = FALSE
	EndGlobalSection
	GlobalSection(ExtensibilityGlobals) = postSolution
		SolutionGuid = {8D0B0B69-EBCB-493B-A5F9-DADCC8BB7A55}
	EndGlobalSection
EndGlobal
